
Microsoft Visual Studio Solution File, Format Version 12.00
Project("{2150E333-8FDC-42A3-9474-1A3956D46DE8}") = "src", "src", "{5338BD88-056A-41BB-87DE-0832AA0B5960}"
EndProject
Project("{2150E333-8FDC-42A3-9474-1A3956D46DE8}") = "test", "test", "{F03A9677-50D4-4936-ACD1-80D677C1445C}"
EndProject
Project("{FAE04EC0-301F-11D3-BF4B-00C04F79EFBC}") = "Sampan.Application", "src\Sampan.Application\Sampan.Application.csproj", "{A5C27DC8-83E2-4E36-B5D0-3C50C11C9B92}"
EndProject
Project("{FAE04EC0-301F-11D3-BF4B-00C04F79EFBC}") = "Sampan.Application.Contract", "src\Sampan.Application.Contract\Sampan.Application.Contract.csproj", "{D5EFCABC-2FE2-48C5-BF6D-833DDE1DDA83}"
EndProject
Project("{FAE04EC0-301F-11D3-BF4B-00C04F79EFBC}") = "Sampan.Domain", "src\Sampan.Domain\Sampan.Domain.csproj", "{4223823C-79FC-4044-8DA8-8CD2AE0B12A0}"
EndProject
Project("{FAE04EC0-301F-11D3-BF4B-00C04F79EFBC}") = "Sampan.Domain.Shared", "src\Sampan.Domain.Shared\Sampan.Domain.Shared.csproj", "{3641C214-905E-464B-9074-E836CAF2C0C0}"
EndProject
Project("{FAE04EC0-301F-11D3-BF4B-00C04F79EFBC}") = "Sampan.Infrastructure", "src\Sampan.Infrastructure\Sampan.Infrastructure.csproj", "{E6DE9BD3-2CDD-49E6-90D2-60E0895B55F7}"
EndProject
Project("{FAE04EC0-301F-11D3-BF4B-00C04F79EFBC}") = "Sampan.Public", "src\Sampan.Public\Sampan.Public.csproj", "{D6F4795D-34E7-4992-834B-14B832171B74}"
EndProject
Project("{FAE04EC0-301F-11D3-BF4B-00C04F79EFBC}") = "Sampan.Tasks", "src\Sampan.Tasks\Sampan.Tasks.csproj", "{800E1568-620C-47E8-9752-5EA4ED150F6B}"
EndProject
Project("{FAE04EC0-301F-11D3-BF4B-00C04F79EFBC}") = "Sampan.WebApi.Admin", "src\Sampan.WebApi.Admin\Sampan.WebApi.Admin.csproj", "{EFAD196C-D97D-498D-AF7F-673361E7BD77}"
EndProject
Project("{FAE04EC0-301F-11D3-BF4B-00C04F79EFBC}") = "Sampan.WebApi.Front", "src\Sampan.WebApi.Front\Sampan.WebApi.Front.csproj", "{40555406-E37C-4DB2-828C-6B0AE3050BC7}"
EndProject
Project("{FAE04EC0-301F-11D3-BF4B-00C04F79EFBC}") = "Sampan.WebExtension", "src\Sampan.WebExtension\Sampan.WebExtension.csproj", "{DD2D1ACA-3C2F-417A-BFA0-7DCD34FBFE4C}"
EndProject
Global
	GlobalSection(SolutionConfigurationPlatforms) = preSolution
		Debug|Any CPU = Debug|Any CPU
		Release|Any CPU = Release|Any CPU
	EndGlobalSection
	GlobalSection(ProjectConfigurationPlatforms) = postSolution
		{A5C27DC8-83E2-4E36-B5D0-3C50C11C9B92}.Debug|Any CPU.ActiveCfg = Debug|Any CPU
		{A5C27DC8-83E2-4E36-B5D0-3C50C11C9B92}.Debug|Any CPU.Build.0 = Debug|Any CPU
		{A5C27DC8-83E2-4E36-B5D0-3C50C11C9B92}.Release|Any CPU.ActiveCfg = Release|Any CPU
		{A5C27DC8-83E2-4E36-B5D0-3C50C11C9B92}.Release|Any CPU.Build.0 = Release|Any CPU
		{D5EFCABC-2FE2-48C5-BF6D-833DDE1DDA83}.Debug|Any CPU.ActiveCfg = Debug|Any CPU
		{D5EFCABC-2FE2-48C5-BF6D-833DDE1DDA83}.Debug|Any CPU.Build.0 = Debug|Any CPU
		{D5EFCABC-2FE2-48C5-BF6D-833DDE1DDA83}.Release|Any CPU.ActiveCfg = Release|Any CPU
		{D5EFCABC-2FE2-48C5-BF6D-833DDE1DDA83}.Release|Any CPU.Build.0 = Release|Any CPU
		{4223823C-79FC-4044-8DA8-8CD2AE0B12A0}.Debug|Any CPU.ActiveCfg = Debug|Any CPU
		{4223823C-79FC-4044-8DA8-8CD2AE0B12A0}.Debug|Any CPU.Build.0 = Debug|Any CPU
		{4223823C-79FC-4044-8DA8-8CD2AE0B12A0}.Release|Any CPU.ActiveCfg = Release|Any CPU
		{4223823C-79FC-4044-8DA8-8CD2AE0B12A0}.Release|Any CPU.Build.0 = Release|Any CPU
		{3641C214-905E-464B-9074-E836CAF2C0C0}.Debug|Any CPU.ActiveCfg = Debug|Any CPU
		{3641C214-905E-464B-9074-E836CAF2C0C0}.Debug|Any CPU.Build.0 = Debug|Any CPU
		{3641C214-905E-464B-9074-E836CAF2C0C0}.Release|Any CPU.ActiveCfg = Release|Any CPU
		{3641C214-905E-464B-9074-E836CAF2C0C0}.Release|Any CPU.Build.0 = Release|Any CPU
		{E6DE9BD3-2CDD-49E6-90D2-60E0895B55F7}.Debug|Any CPU.ActiveCfg = Debug|Any CPU
		{E6DE9BD3-2CDD-49E6-90D2-60E0895B55F7}.Debug|Any CPU.Build.0 = Debug|Any CPU
		{E6DE9BD3-2CDD-49E6-90D2-60E0895B55F7}.Release|Any CPU.ActiveCfg = Release|Any CPU
		{E6DE9BD3-2CDD-49E6-90D2-60E0895B55F7}.Release|Any CPU.Build.0 = Release|Any CPU
		{D6F4795D-34E7-4992-834B-14B832171B74}.Debug|Any CPU.ActiveCfg = Debug|Any CPU
		{D6F4795D-34E7-4992-834B-14B832171B74}.Debug|Any CPU.Build.0 = Debug|Any CPU
		{D6F4795D-34E7-4992-834B-14B832171B74}.Release|Any CPU.ActiveCfg = Release|Any CPU
		{D6F4795D-34E7-4992-834B-14B832171B74}.Release|Any CPU.Build.0 = Release|Any CPU
		{800E1568-620C-47E8-9752-5EA4ED150F6B}.Debug|Any CPU.ActiveCfg = Debug|Any CPU
		{800E1568-620C-47E8-9752-5EA4ED150F6B}.Debug|Any CPU.Build.0 = Debug|Any CPU
		{800E1568-620C-47E8-9752-5EA4ED150F6B}.Release|Any CPU.ActiveCfg = Release|Any CPU
		{800E1568-620C-47E8-9752-5EA4ED150F6B}.Release|Any CPU.Build.0 = Release|Any CPU
		{EFAD196C-D97D-498D-AF7F-673361E7BD77}.Debug|Any CPU.ActiveCfg = Debug|Any CPU
		{EFAD196C-D97D-498D-AF7F-673361E7BD77}.Debug|Any CPU.Build.0 = Debug|Any CPU
		{EFAD196C-D97D-498D-AF7F-673361E7BD77}.Release|Any CPU.ActiveCfg = Release|Any CPU
		{EFAD196C-D97D-498D-AF7F-673361E7BD77}.Release|Any CPU.Build.0 = Release|Any CPU
		{40555406-E37C-4DB2-828C-6B0AE3050BC7}.Debug|Any CPU.ActiveCfg = Debug|Any CPU
		{40555406-E37C-4DB2-828C-6B0AE3050BC7}.Debug|Any CPU.Build.0 = Debug|Any CPU
		{40555406-E37C-4DB2-828C-6B0AE3050BC7}.Release|Any CPU.ActiveCfg = Release|Any CPU
		{40555406-E37C-4DB2-828C-6B0AE3050BC7}.Release|Any CPU.Build.0 = Release|Any CPU
		{DD2D1ACA-3C2F-417A-BFA0-7DCD34FBFE4C}.Debug|Any CPU.ActiveCfg = Debug|Any CPU
		{DD2D1ACA-3C2F-417A-BFA0-7DCD34FBFE4C}.Debug|Any CPU.Build.0 = Debug|Any CPU
		{DD2D1ACA-3C2F-417A-BFA0-7DCD34FBFE4C}.Release|Any CPU.ActiveCfg = Release|Any CPU
		{DD2D1ACA-3C2F-417A-BFA0-7DCD34FBFE4C}.Release|Any CPU.Build.0 = Release|Any CPU
	EndGlobalSection
	GlobalSection(NestedProjects) = preSolution
		{A5C27DC8-83E2-4E36-B5D0-3C50C11C9B92} = {5338BD88-056A-41BB-87DE-0832AA0B5960}
		{D5EFCABC-2FE2-48C5-BF6D-833DDE1DDA83} = {5338BD88-056A-41BB-87DE-0832AA0B5960}
		{4223823C-79FC-4044-8DA8-8CD2AE0B12A0} = {5338BD88-056A-41BB-87DE-0832AA0B5960}
		{3641C214-905E-464B-9074-E836CAF2C0C0} = {5338BD88-056A-41BB-87DE-0832AA0B5960}
		{E6DE9BD3-2CDD-49E6-90D2-60E0895B55F7} = {5338BD88-056A-41BB-87DE-0832AA0B5960}
		{D6F4795D-34E7-4992-834B-14B832171B74} = {5338BD88-056A-41BB-87DE-0832AA0B5960}
		{800E1568-620C-47E8-9752-5EA4ED150F6B} = {5338BD88-056A-41BB-87DE-0832AA0B5960}
		{EFAD196C-D97D-498D-AF7F-673361E7BD77} = {5338BD88-056A-41BB-87DE-0832AA0B5960}
		{40555406-E37C-4DB2-828C-6B0AE3050BC7} = {5338BD88-056A-41BB-87DE-0832AA0B5960}
		{DD2D1ACA-3C2F-417A-BFA0-7DCD34FBFE4C} = {5338BD88-056A-41BB-87DE-0832AA0B5960}
	EndGlobalSection
EndGlobal
