
Microsoft Visual Studio Solution File, Format Version 12.00
Project("{FAE04EC0-301F-11D3-BF4B-00C04F79EFBC}") = "Sampan.WebApi.Admin", "Sampan.WebApi.Admin\Sampan.WebApi.Admin.csproj", "{06E25F02-49A8-4F1A-820B-A406DC1CEA5D}"
EndProject
Project("{2150E333-8FDC-42A3-9474-1A3956D46DE8}") = "src", "src", "{5338BD88-056A-41BB-87DE-0832AA0B5960}"
EndProject
Project("{2150E333-8FDC-42A3-9474-1A3956D46DE8}") = "test", "test", "{F03A9677-50D4-4936-ACD1-80D677C1445C}"
EndProject
Project("{FAE04EC0-301F-11D3-BF4B-00C04F79EFBC}") = "Sampan.Application", "Sampan.Application\Sampan.Application.csproj", "{63C83BF2-1FAB-4424-A85E-0A79AB08CE98}"
EndProject
Project("{FAE04EC0-301F-11D3-BF4B-00C04F79EFBC}") = "Sampan.Application.Contract", "Sampan.Application.Contract\Sampan.Application.Contract.csproj", "{81329708-137E-4327-98AF-40A2B6889422}"
EndProject
Project("{FAE04EC0-301F-11D3-BF4B-00C04F79EFBC}") = "Sampan.Domain.Shared", "Sampan.Domain.Shared\Sampan.Domain.Shared.csproj", "{08678AC7-6370-4FA3-B21D-21147245C43E}"
EndProject
Project("{FAE04EC0-301F-11D3-BF4B-00C04F79EFBC}") = "Sampan.Domain", "Sampan.Domain\Sampan.Domain.csproj", "{9E649910-8BEA-4FCF-82C5-3E6BC4ED66FC}"
EndProject
Project("{FAE04EC0-301F-11D3-BF4B-00C04F79EFBC}") = "Sampan.WebExtension", "Sampan.WebExtension\Sampan.WebExtension.csproj", "{FDBBDD20-05CD-444A-8D88-19619A686CA3}"
EndProject
Project("{FAE04EC0-301F-11D3-BF4B-00C04F79EFBC}") = "Sampan.Infrastructure", "Sampan.Infrastructure\Sampan.Infrastructure.csproj", "{A1037138-4FC5-4182-8B7E-36ADC83B6070}"
EndProject
Project("{FAE04EC0-301F-11D3-BF4B-00C04F79EFBC}") = "Sampan.Public", "Sampan.Public\Sampan.Public.csproj", "{3A883992-7FF0-4D18-ADBF-83D33FECC2CC}"
EndProject
Project("{FAE04EC0-301F-11D3-BF4B-00C04F79EFBC}") = "Sampan.Tasks", "Sampan.Tasks\Sampan.Tasks.csproj", "{0FA5659F-E167-496B-A894-0550C3570FE0}"
EndProject
Project("{FAE04EC0-301F-11D3-BF4B-00C04F79EFBC}") = "Sampan.WebApi.Front", "Sampan.WebApi.Front\Sampan.WebApi.Front.csproj", "{866EA2FE-9FF1-49F8-B3AE-73E2BEA61767}"
EndProject
Global
	GlobalSection(SolutionConfigurationPlatforms) = preSolution
		Debug|Any CPU = Debug|Any CPU
		Release|Any CPU = Release|Any CPU
	EndGlobalSection
	GlobalSection(ProjectConfigurationPlatforms) = postSolution
		{06E25F02-49A8-4F1A-820B-A406DC1CEA5D}.Debug|Any CPU.ActiveCfg = Debug|Any CPU
		{06E25F02-49A8-4F1A-820B-A406DC1CEA5D}.Debug|Any CPU.Build.0 = Debug|Any CPU
		{06E25F02-49A8-4F1A-820B-A406DC1CEA5D}.Release|Any CPU.ActiveCfg = Release|Any CPU
		{06E25F02-49A8-4F1A-820B-A406DC1CEA5D}.Release|Any CPU.Build.0 = Release|Any CPU
		{63C83BF2-1FAB-4424-A85E-0A79AB08CE98}.Debug|Any CPU.ActiveCfg = Debug|Any CPU
		{63C83BF2-1FAB-4424-A85E-0A79AB08CE98}.Debug|Any CPU.Build.0 = Debug|Any CPU
		{63C83BF2-1FAB-4424-A85E-0A79AB08CE98}.Release|Any CPU.ActiveCfg = Release|Any CPU
		{63C83BF2-1FAB-4424-A85E-0A79AB08CE98}.Release|Any CPU.Build.0 = Release|Any CPU
		{81329708-137E-4327-98AF-40A2B6889422}.Debug|Any CPU.ActiveCfg = Debug|Any CPU
		{81329708-137E-4327-98AF-40A2B6889422}.Debug|Any CPU.Build.0 = Debug|Any CPU
		{81329708-137E-4327-98AF-40A2B6889422}.Release|Any CPU.ActiveCfg = Release|Any CPU
		{81329708-137E-4327-98AF-40A2B6889422}.Release|Any CPU.Build.0 = Release|Any CPU
		{08678AC7-6370-4FA3-B21D-21147245C43E}.Debug|Any CPU.ActiveCfg = Debug|Any CPU
		{08678AC7-6370-4FA3-B21D-21147245C43E}.Debug|Any CPU.Build.0 = Debug|Any CPU
		{08678AC7-6370-4FA3-B21D-21147245C43E}.Release|Any CPU.ActiveCfg = Release|Any CPU
		{08678AC7-6370-4FA3-B21D-21147245C43E}.Release|Any CPU.Build.0 = Release|Any CPU
		{9E649910-8BEA-4FCF-82C5-3E6BC4ED66FC}.Debug|Any CPU.ActiveCfg = Debug|Any CPU
		{9E649910-8BEA-4FCF-82C5-3E6BC4ED66FC}.Debug|Any CPU.Build.0 = Debug|Any CPU
		{9E649910-8BEA-4FCF-82C5-3E6BC4ED66FC}.Release|Any CPU.ActiveCfg = Release|Any CPU
		{9E649910-8BEA-4FCF-82C5-3E6BC4ED66FC}.Release|Any CPU.Build.0 = Release|Any CPU
		{FDBBDD20-05CD-444A-8D88-19619A686CA3}.Debug|Any CPU.ActiveCfg = Debug|Any CPU
		{FDBBDD20-05CD-444A-8D88-19619A686CA3}.Debug|Any CPU.Build.0 = Debug|Any CPU
		{FDBBDD20-05CD-444A-8D88-19619A686CA3}.Release|Any CPU.ActiveCfg = Release|Any CPU
		{FDBBDD20-05CD-444A-8D88-19619A686CA3}.Release|Any CPU.Build.0 = Release|Any CPU
		{A1037138-4FC5-4182-8B7E-36ADC83B6070}.Debug|Any CPU.ActiveCfg = Debug|Any CPU
		{A1037138-4FC5-4182-8B7E-36ADC83B6070}.Debug|Any CPU.Build.0 = Debug|Any CPU
		{A1037138-4FC5-4182-8B7E-36ADC83B6070}.Release|Any CPU.ActiveCfg = Release|Any CPU
		{A1037138-4FC5-4182-8B7E-36ADC83B6070}.Release|Any CPU.Build.0 = Release|Any CPU
		{3A883992-7FF0-4D18-ADBF-83D33FECC2CC}.Debug|Any CPU.ActiveCfg = Debug|Any CPU
		{3A883992-7FF0-4D18-ADBF-83D33FECC2CC}.Debug|Any CPU.Build.0 = Debug|Any CPU
		{3A883992-7FF0-4D18-ADBF-83D33FECC2CC}.Release|Any CPU.ActiveCfg = Release|Any CPU
		{3A883992-7FF0-4D18-ADBF-83D33FECC2CC}.Release|Any CPU.Build.0 = Release|Any CPU
		{0FA5659F-E167-496B-A894-0550C3570FE0}.Debug|Any CPU.ActiveCfg = Debug|Any CPU
		{0FA5659F-E167-496B-A894-0550C3570FE0}.Debug|Any CPU.Build.0 = Debug|Any CPU
		{0FA5659F-E167-496B-A894-0550C3570FE0}.Release|Any CPU.ActiveCfg = Release|Any CPU
		{0FA5659F-E167-496B-A894-0550C3570FE0}.Release|Any CPU.Build.0 = Release|Any CPU
		{866EA2FE-9FF1-49F8-B3AE-73E2BEA61767}.Debug|Any CPU.ActiveCfg = Debug|Any CPU
		{866EA2FE-9FF1-49F8-B3AE-73E2BEA61767}.Debug|Any CPU.Build.0 = Debug|Any CPU
		{866EA2FE-9FF1-49F8-B3AE-73E2BEA61767}.Release|Any CPU.ActiveCfg = Release|Any CPU
		{866EA2FE-9FF1-49F8-B3AE-73E2BEA61767}.Release|Any CPU.Build.0 = Release|Any CPU
	EndGlobalSection
	GlobalSection(NestedProjects) = preSolution
		{06E25F02-49A8-4F1A-820B-A406DC1CEA5D} = {5338BD88-056A-41BB-87DE-0832AA0B5960}
		{63C83BF2-1FAB-4424-A85E-0A79AB08CE98} = {5338BD88-056A-41BB-87DE-0832AA0B5960}
		{81329708-137E-4327-98AF-40A2B6889422} = {5338BD88-056A-41BB-87DE-0832AA0B5960}
		{9E649910-8BEA-4FCF-82C5-3E6BC4ED66FC} = {5338BD88-056A-41BB-87DE-0832AA0B5960}
		{08678AC7-6370-4FA3-B21D-21147245C43E} = {5338BD88-056A-41BB-87DE-0832AA0B5960}
		{FDBBDD20-05CD-444A-8D88-19619A686CA3} = {5338BD88-056A-41BB-87DE-0832AA0B5960}
		{A1037138-4FC5-4182-8B7E-36ADC83B6070} = {5338BD88-056A-41BB-87DE-0832AA0B5960}
		{3A883992-7FF0-4D18-ADBF-83D33FECC2CC} = {5338BD88-056A-41BB-87DE-0832AA0B5960}
		{0FA5659F-E167-496B-A894-0550C3570FE0} = {5338BD88-056A-41BB-87DE-0832AA0B5960}
		{866EA2FE-9FF1-49F8-B3AE-73E2BEA61767} = {5338BD88-056A-41BB-87DE-0832AA0B5960}
	EndGlobalSection
EndGlobal
